
Microsoft Visual Studio Solution File, Format Version 12.00
# Visual Studio Version 16
VisualStudioVersion = 16.0.31229.75
MinimumVisualStudioVersion = 10.0.40219.1
Project("{8BC9CEB8-8B4A-11D0-8D11-00A0C91BC942}") = "Tower of Hanoi", "Tower of Hanoi\Tower of Hanoi.vcxproj", "{077D39E3-7C67-45A6-B59B-206D777E7AF0}"
EndProject
Global
	GlobalSection(SolutionConfigurationPlatforms) = preSolution
		Debug|x64 = Debug|x64
		Debug|x86 = Debug|x86
		Release|x64 = Release|x64
		Release|x86 = Release|x86
	EndGlobalSection
	GlobalSection(ProjectConfigurationPlatforms) = postSolution
		{077D39E3-7C67-45A6-B59B-206D777E7AF0}.Debug|x64.ActiveCfg = Debug|x64
		{077D39E3-7C67-45A6-B59B-206D777E7AF0}.Debug|x64.Build.0 = Debug|x64
		{077D39E3-7C67-45A6-B59B-206D777E7AF0}.Debug|x86.ActiveCfg = Debug|Win32
		{077D39E3-7C67-45A6-B59B-206D777E7AF0}.Debug|x86.Build.0 = Debug|Win32
		{077D39E3-7C67-45A6-B59B-206D777E7AF0}.Release|x64.ActiveCfg = Release|x64
		{077D39E3-7C67-45A6-B59B-206D777E7AF0}.Release|x64.Build.0 = Release|x64
		{077D39E3-7C67-45A6-B59B-206D777E7AF0}.Release|x86.ActiveCfg = Release|Win32
		{077D39E3-7C67-45A6-B59B-206D777E7AF0}.Release|x86.Build.0 = Release|Win32
	EndGlobalSection
	GlobalSection(SolutionProperties) = preSolution
		HideSolutionNode = FALSE
	EndGlobalSection
	GlobalSection(ExtensibilityGlobals) = postSolution
		SolutionGuid = {F733AC32-81DC-4394-93B5-ED341F226D68}
	EndGlobalSection
EndGlobal
